
Microsoft Visual Studio Solution File, Format Version 12.00
# Visual Studio Version 17
VisualStudioVersion = 17.2.32630.192
MinimumVisualStudioVersion = 10.0.40219.1
Project("{FAE04EC0-301F-11D3-BF4B-00C04F79EFBC}") = "DailyReport.cs", "DailyReport.cs\DailyReport.cs.csproj", "{ED6987A3-7259-419A-94A2-413E5BC03C1D}"
EndProject
Global
	GlobalSection(SolutionConfigurationPlatforms) = preSolution
		Debug|Any CPU = Debug|Any CPU
		Release|Any CPU = Release|Any CPU
	EndGlobalSection
	GlobalSection(ProjectConfigurationPlatforms) = postSolution
		{ED6987A3-7259-419A-94A2-413E5BC03C1D}.Debug|Any CPU.ActiveCfg = Debug|Any CPU
		{ED6987A3-7259-419A-94A2-413E5BC03C1D}.Debug|Any CPU.Build.0 = Debug|Any CPU
		{ED6987A3-7259-419A-94A2-413E5BC03C1D}.Release|Any CPU.ActiveCfg = Release|Any CPU
		{ED6987A3-7259-419A-94A2-413E5BC03C1D}.Release|Any CPU.Build.0 = Release|Any CPU
	EndGlobalSection
	GlobalSection(SolutionProperties) = preSolution
		HideSolutionNode = FALSE
	EndGlobalSection
	GlobalSection(ExtensibilityGlobals) = postSolution
		SolutionGuid = {C09326C0-8D17-469E-95AF-B4CF43F2D4F5}
	EndGlobalSection
EndGlobal
