
Microsoft Visual Studio Solution File, Format Version 12.00
# Visual Studio Version 17
VisualStudioVersion = 17.2.32630.192
MinimumVisualStudioVersion = 10.0.40219.1
Project("{FAE04EC0-301F-11D3-BF4B-00C04F79EFBC}") = "Package Express Quote Application", "Package Express Quote Application\Package Express Quote Application.csproj", "{D1DC4264-388A-43A7-A5E7-778E80B57179}"
EndProject
Global
	GlobalSection(SolutionConfigurationPlatforms) = preSolution
		Debug|Any CPU = Debug|Any CPU
		Release|Any CPU = Release|Any CPU
	EndGlobalSection
	GlobalSection(ProjectConfigurationPlatforms) = postSolution
		{D1DC4264-388A-43A7-A5E7-778E80B57179}.Debug|Any CPU.ActiveCfg = Debug|Any CPU
		{D1DC4264-388A-43A7-A5E7-778E80B57179}.Debug|Any CPU.Build.0 = Debug|Any CPU
		{D1DC4264-388A-43A7-A5E7-778E80B57179}.Release|Any CPU.ActiveCfg = Release|Any CPU
		{D1DC4264-388A-43A7-A5E7-778E80B57179}.Release|Any CPU.Build.0 = Release|Any CPU
	EndGlobalSection
	GlobalSection(SolutionProperties) = preSolution
		HideSolutionNode = FALSE
	EndGlobalSection
	GlobalSection(ExtensibilityGlobals) = postSolution
		SolutionGuid = {DBFF6AA1-AB71-4C4B-96DE-835833D35C1F}
	EndGlobalSection
EndGlobal
