
Microsoft Visual Studio Solution File, Format Version 12.00
# Visual Studio Version 17
VisualStudioVersion = 17.3.32901.215
MinimumVisualStudioVersion = 10.0.40219.1
Project("{FAE04EC0-301F-11D3-BF4B-00C04F79EFBC}") = "OperatorsAssignment", "OperatorsAssignment.csproj", "{AABA8466-7B26-4B5F-A54D-B6B384401AEF}"
EndProject
Global
	GlobalSection(SolutionConfigurationPlatforms) = preSolution
		Debug|Any CPU = Debug|Any CPU
		Release|Any CPU = Release|Any CPU
	EndGlobalSection
	GlobalSection(ProjectConfigurationPlatforms) = postSolution
		{AABA8466-7B26-4B5F-A54D-B6B384401AEF}.Debug|Any CPU.ActiveCfg = Debug|Any CPU
		{AABA8466-7B26-4B5F-A54D-B6B384401AEF}.Debug|Any CPU.Build.0 = Debug|Any CPU
		{AABA8466-7B26-4B5F-A54D-B6B384401AEF}.Release|Any CPU.ActiveCfg = Release|Any CPU
		{AABA8466-7B26-4B5F-A54D-B6B384401AEF}.Release|Any CPU.Build.0 = Release|Any CPU
	EndGlobalSection
	GlobalSection(SolutionProperties) = preSolution
		HideSolutionNode = FALSE
	EndGlobalSection
	GlobalSection(ExtensibilityGlobals) = postSolution
		SolutionGuid = {2CCC5F7F-EE81-4971-B289-4446BD999746}
	EndGlobalSection
EndGlobal
